
Microsoft Visual Studio Solution File, Format Version 12.00
# Visual Studio Version 16
VisualStudioVersion = 16.0.29806.167
MinimumVisualStudioVersion = 10.0.40219.1
Project("{FAE04EC0-301F-11D3-BF4B-00C04F79EFBC}") = "VirginiaTechUniversity", "VirginiaTechUniversity\VirginiaTechUniversity.csproj", "{3F56EDB6-54F7-4E9F-AF33-CE8C64876554}"
EndProject
Project("{FAE04EC0-301F-11D3-BF4B-00C04F79EFBC}") = "VirginiaTechUniversityCORE", "VirginiaTechUniversityCORE\VirginiaTechUniversityCORE.csproj", "{8AB43828-2970-43F3-93A4-1CD71A62F1DC}"
EndProject
Project("{FAE04EC0-301F-11D3-BF4B-00C04F79EFBC}") = "VirginiaTechUniversityCOREMVC", "VirginiaTechUniversityCOREMVC\VirginiaTechUniversityCOREMVC.csproj", "{5B847402-3366-45C8-8F1B-F4CFB3CCEB2A}"
EndProject
Project("{FAE04EC0-301F-11D3-BF4B-00C04F79EFBC}") = "VirginiaTechUniversityCOREWEBAPI", "VirginiaTechUniversityCOREWEBAPI\VirginiaTechUniversityCOREWEBAPI.csproj", "{AAC4F63E-B3ED-412A-9118-AE53A2112C99}"
EndProject
Global
	GlobalSection(SolutionConfigurationPlatforms) = preSolution
		Debug|Any CPU = Debug|Any CPU
		Release|Any CPU = Release|Any CPU
	EndGlobalSection
	GlobalSection(ProjectConfigurationPlatforms) = postSolution
		{3F56EDB6-54F7-4E9F-AF33-CE8C64876554}.Debug|Any CPU.ActiveCfg = Debug|Any CPU
		{3F56EDB6-54F7-4E9F-AF33-CE8C64876554}.Debug|Any CPU.Build.0 = Debug|Any CPU
		{3F56EDB6-54F7-4E9F-AF33-CE8C64876554}.Release|Any CPU.ActiveCfg = Release|Any CPU
		{3F56EDB6-54F7-4E9F-AF33-CE8C64876554}.Release|Any CPU.Build.0 = Release|Any CPU
		{8AB43828-2970-43F3-93A4-1CD71A62F1DC}.Debug|Any CPU.ActiveCfg = Debug|Any CPU
		{8AB43828-2970-43F3-93A4-1CD71A62F1DC}.Debug|Any CPU.Build.0 = Debug|Any CPU
		{8AB43828-2970-43F3-93A4-1CD71A62F1DC}.Release|Any CPU.ActiveCfg = Release|Any CPU
		{8AB43828-2970-43F3-93A4-1CD71A62F1DC}.Release|Any CPU.Build.0 = Release|Any CPU
		{5B847402-3366-45C8-8F1B-F4CFB3CCEB2A}.Debug|Any CPU.ActiveCfg = Debug|Any CPU
		{5B847402-3366-45C8-8F1B-F4CFB3CCEB2A}.Debug|Any CPU.Build.0 = Debug|Any CPU
		{5B847402-3366-45C8-8F1B-F4CFB3CCEB2A}.Release|Any CPU.ActiveCfg = Release|Any CPU
		{5B847402-3366-45C8-8F1B-F4CFB3CCEB2A}.Release|Any CPU.Build.0 = Release|Any CPU
		{AAC4F63E-B3ED-412A-9118-AE53A2112C99}.Debug|Any CPU.ActiveCfg = Debug|Any CPU
		{AAC4F63E-B3ED-412A-9118-AE53A2112C99}.Debug|Any CPU.Build.0 = Debug|Any CPU
		{AAC4F63E-B3ED-412A-9118-AE53A2112C99}.Release|Any CPU.ActiveCfg = Release|Any CPU
		{AAC4F63E-B3ED-412A-9118-AE53A2112C99}.Release|Any CPU.Build.0 = Release|Any CPU
	EndGlobalSection
	GlobalSection(SolutionProperties) = preSolution
		HideSolutionNode = FALSE
	EndGlobalSection
	GlobalSection(ExtensibilityGlobals) = postSolution
		SolutionGuid = {59DE8FDC-AC0A-496F-BB52-8676E571F324}
	EndGlobalSection
EndGlobal
